// !$*UTF8*$!
{
	archiveVersion = 1;
	classes = {
	};
	objectVersion = 55;
	objects = {

/* Begin PBXBuildFile section */
		AC1E7682275F85B9000EB1AF /* Assets.xcassets in Resources */ = {isa = PBXBuildFile; fileRef = AC1E7681275F85B9000EB1AF /* Assets.xcassets */; };
		AC1E7688275F85B9000EB1AF /* WatchLandmarks WatchKit Extension.appex in Embed App Extensions */ = {isa = PBXBuildFile; fileRef = AC1E7687275F85B9000EB1AF /* WatchLandmarks WatchKit Extension.appex */; settings = {ATTRIBUTES = (RemoveHeadersOnCopy, ); }; };
		AC1E768F275F85B9000EB1AF /* ContentView.swift in Sources */ = {isa = PBXBuildFile; fileRef = AC1E768E275F85B9000EB1AF /* ContentView.swift */; };
		AC1E7691275F85B9000EB1AF /* NotificationController.swift in Sources */ = {isa = PBXBuildFile; fileRef = AC1E7690275F85B9000EB1AF /* NotificationController.swift */; };
		AC1E7693275F85B9000EB1AF /* NotificationView.swift in Sources */ = {isa = PBXBuildFile; fileRef = AC1E7692275F85B9000EB1AF /* NotificationView.swift */; };
		AC1E7695275F85B9000EB1AF /* ComplicationController.swift in Sources */ = {isa = PBXBuildFile; fileRef = AC1E7694275F85B9000EB1AF /* ComplicationController.swift */; };
		AC1E7697275F85BA000EB1AF /* Assets.xcassets in Resources */ = {isa = PBXBuildFile; fileRef = AC1E7696275F85BA000EB1AF /* Assets.xcassets */; };
		AC1E769A275F85BA000EB1AF /* Preview Assets.xcassets in Resources */ = {isa = PBXBuildFile; fileRef = AC1E7699275F85BA000EB1AF /* Preview Assets.xcassets */; };
		AC1E769F275F85BA000EB1AF /* WatchLandmarks.app in Embed Watch Content */ = {isa = PBXBuildFile; fileRef = AC1E767F275F85B7000EB1AF /* WatchLandmarks.app */; settings = {ATTRIBUTES = (RemoveHeadersOnCopy, ); }; };
		AC1E76A8275F87BF000EB1AF /* LandmarkList.swift in Sources */ = {isa = PBXBuildFile; fileRef = ACC76CC7274C67BD000EBAEA /* LandmarkList.swift */; };
		AC1E76A9275F87BF000EB1AF /* landmarkData.json in Resources */ = {isa = PBXBuildFile; fileRef = ACC76CBC274C6209000EBAEA /* landmarkData.json */; };
		AC1E76AA275F87BF000EB1AF /* ModelData.swift in Sources */ = {isa = PBXBuildFile; fileRef = ACC76CC0274C6370000EBAEA /* ModelData.swift */; };
		AC1E76AB275F87BF000EB1AF /* CircleImage.swift in Sources */ = {isa = PBXBuildFile; fileRef = ACC76CB8274C2BC4000EBAEA /* CircleImage.swift */; };
		AC1E76AC275F87BF000EB1AF /* LandmarksApp.swift in Sources */ = {isa = PBXBuildFile; fileRef = ACC76CA8274C2425000EBAEA /* LandmarksApp.swift */; };
		AC1E76AD275F87BF000EB1AF /* hikeData.json in Resources */ = {isa = PBXBuildFile; fileRef = ACDA40482756998100449476 /* hikeData.json */; };
		AC1E76AE275F87BF000EB1AF /* Profile.swift in Sources */ = {isa = PBXBuildFile; fileRef = ACF9B0C92758382A00366D18 /* Profile.swift */; };
		AC1E76AF275F87BF000EB1AF /* Landmark.swift in Sources */ = {isa = PBXBuildFile; fileRef = ACC76CBE274C623A000EBAEA /* Landmark.swift */; };
		AC1E76B0275F87BF000EB1AF /* Assets.xcassets in Resources */ = {isa = PBXBuildFile; fileRef = ACC76CAC274C2426000EBAEA /* Assets.xcassets */; };
		AC1E76B1275F87BF000EB1AF /* Hike.swift in Sources */ = {isa = PBXBuildFile; fileRef = ACDA404A275699A100449476 /* Hike.swift */; };
		AC1E76B2275F87BF000EB1AF /* LandmarkRow.swift in Sources */ = {isa = PBXBuildFile; fileRef = ACC76CC5274C6673000EBAEA /* LandmarkRow.swift */; };
		AC1E76B3275F87BF000EB1AF /* MapView.swift in Sources */ = {isa = PBXBuildFile; fileRef = ACC76CBA274C2D02000EBAEA /* MapView.swift */; };
		AC1E76B5275F8838000EB1AF /* LandmarkDetail.swift in Sources */ = {isa = PBXBuildFile; fileRef = AC1E76B4275F8838000EB1AF /* LandmarkDetail.swift */; };
		AC72C5352757058A00151631 /* GraphCapsule.swift in Sources */ = {isa = PBXBuildFile; fileRef = AC72C5312757058A00151631 /* GraphCapsule.swift */; };
		AC72C5362757058A00151631 /* HikeGraph.swift in Sources */ = {isa = PBXBuildFile; fileRef = AC72C5322757058A00151631 /* HikeGraph.swift */; };
		AC72C5372757058A00151631 /* HikeDetail.swift in Sources */ = {isa = PBXBuildFile; fileRef = AC72C5332757058A00151631 /* HikeDetail.swift */; };
		AC72C5382757058A00151631 /* HikeView.swift in Sources */ = {isa = PBXBuildFile; fileRef = AC72C5342757058A00151631 /* HikeView.swift */; };
		AC72C53B27570BDF00151631 /* CategoryHome.swift in Sources */ = {isa = PBXBuildFile; fileRef = AC72C53A27570BDF00151631 /* CategoryHome.swift */; };
		AC72C53D2757100A00151631 /* CategoryRow.swift in Sources */ = {isa = PBXBuildFile; fileRef = AC72C53C2757100A00151631 /* CategoryRow.swift */; };
		AC72C53F2757110F00151631 /* CategoryItem.swift in Sources */ = {isa = PBXBuildFile; fileRef = AC72C53E2757110F00151631 /* CategoryItem.swift */; };
		AC740B35275EF5E4003FAE6D /* PageViewController.swift in Sources */ = {isa = PBXBuildFile; fileRef = AC740B34275EF5E4003FAE6D /* PageViewController.swift */; };
		AC740B37275EF6FD003FAE6D /* FeatureCard.swift in Sources */ = {isa = PBXBuildFile; fileRef = AC740B36275EF6FD003FAE6D /* FeatureCard.swift */; };
		AC740B39275EF769003FAE6D /* PageView.swift in Sources */ = {isa = PBXBuildFile; fileRef = AC740B38275EF769003FAE6D /* PageView.swift */; };
		AC740B3B275EF895003FAE6D /* PageControl.swift in Sources */ = {isa = PBXBuildFile; fileRef = AC740B3A275EF895003FAE6D /* PageControl.swift */; };
		ACA1F2492755AD80005F3FA0 /* FavoriteButton.swift in Sources */ = {isa = PBXBuildFile; fileRef = ACA1F2482755AD80005F3FA0 /* FavoriteButton.swift */; };
		ACA1F24E2755B240005F3FA0 /* HexagonParameters.swift in Sources */ = {isa = PBXBuildFile; fileRef = ACA1F24D2755B240005F3FA0 /* HexagonParameters.swift */; };
		ACA1F2502755B330005F3FA0 /* BadgeBackground.swift in Sources */ = {isa = PBXBuildFile; fileRef = ACA1F24F2755B330005F3FA0 /* BadgeBackground.swift */; };
		ACA1F2522755B690005F3FA0 /* BadgeSymbol.swift in Sources */ = {isa = PBXBuildFile; fileRef = ACA1F2512755B690005F3FA0 /* BadgeSymbol.swift */; };
		ACA1F2542755B705005F3FA0 /* RotatedBadgeSymbol.swift in Sources */ = {isa = PBXBuildFile; fileRef = ACA1F2532755B705005F3FA0 /* RotatedBadgeSymbol.swift */; };
		ACA1F2562755B7B5005F3FA0 /* Badge.swift in Sources */ = {isa = PBXBuildFile; fileRef = ACA1F2552755B7B5005F3FA0 /* Badge.swift */; };
		ACC76CA9274C2425000EBAEA /* LandmarksApp.swift in Sources */ = {isa = PBXBuildFile; fileRef = ACC76CA8274C2425000EBAEA /* LandmarksApp.swift */; };
		ACC76CAB274C2425000EBAEA /* ContentView.swift in Sources */ = {isa = PBXBuildFile; fileRef = ACC76CAA274C2425000EBAEA /* ContentView.swift */; };
		ACC76CAD274C2426000EBAEA /* Assets.xcassets in Resources */ = {isa = PBXBuildFile; fileRef = ACC76CAC274C2426000EBAEA /* Assets.xcassets */; };
		ACC76CB0274C2426000EBAEA /* Preview Assets.xcassets in Resources */ = {isa = PBXBuildFile; fileRef = ACC76CAF274C2426000EBAEA /* Preview Assets.xcassets */; };
		ACC76CB9274C2BC4000EBAEA /* CircleImage.swift in Sources */ = {isa = PBXBuildFile; fileRef = ACC76CB8274C2BC4000EBAEA /* CircleImage.swift */; };
		ACC76CBB274C2D02000EBAEA /* MapView.swift in Sources */ = {isa = PBXBuildFile; fileRef = ACC76CBA274C2D02000EBAEA /* MapView.swift */; };
		ACC76CBD274C6209000EBAEA /* landmarkData.json in Resources */ = {isa = PBXBuildFile; fileRef = ACC76CBC274C6209000EBAEA /* landmarkData.json */; };
		ACC76CBF274C623A000EBAEA /* Landmark.swift in Sources */ = {isa = PBXBuildFile; fileRef = ACC76CBE274C623A000EBAEA /* Landmark.swift */; };
		ACC76CC1274C6370000EBAEA /* ModelData.swift in Sources */ = {isa = PBXBuildFile; fileRef = ACC76CC0274C6370000EBAEA /* ModelData.swift */; };
		ACC76CC6274C6673000EBAEA /* LandmarkRow.swift in Sources */ = {isa = PBXBuildFile; fileRef = ACC76CC5274C6673000EBAEA /* LandmarkRow.swift */; };
		ACC76CC8274C67BD000EBAEA /* LandmarkList.swift in Sources */ = {isa = PBXBuildFile; fileRef = ACC76CC7274C67BD000EBAEA /* LandmarkList.swift */; };
		ACC76CCA274C6A41000EBAEA /* LandmarkDetail.swift in Sources */ = {isa = PBXBuildFile; fileRef = ACC76CC9274C6A41000EBAEA /* LandmarkDetail.swift */; };
		ACDA40492756998100449476 /* hikeData.json in Resources */ = {isa = PBXBuildFile; fileRef = ACDA40482756998100449476 /* hikeData.json */; };
		ACDA404B275699A100449476 /* Hike.swift in Sources */ = {isa = PBXBuildFile; fileRef = ACDA404A275699A100449476 /* Hike.swift */; };
		ACF9B0CA2758382A00366D18 /* Profile.swift in Sources */ = {isa = PBXBuildFile; fileRef = ACF9B0C92758382A00366D18 /* Profile.swift */; };
		ACF9B0CD275838DF00366D18 /* ProfileHost.swift in Sources */ = {isa = PBXBuildFile; fileRef = ACF9B0CC275838DF00366D18 /* ProfileHost.swift */; };
		ACF9B0D02758392200366D18 /* ProfileSummary.swift in Sources */ = {isa = PBXBuildFile; fileRef = ACF9B0CF2758392200366D18 /* ProfileSummary.swift */; };
		ACF9B0D2275839F900366D18 /* HikeBadge.swift in Sources */ = {isa = PBXBuildFile; fileRef = ACF9B0D1275839F900366D18 /* HikeBadge.swift */; };
		ACF9B0D427583E1500366D18 /* ProfileEditor.swift in Sources */ = {isa = PBXBuildFile; fileRef = ACF9B0D327583E1500366D18 /* ProfileEditor.swift */; };
/* End PBXBuildFile section */

/* Begin PBXContainerItemProxy section */
		AC1E7689275F85B9000EB1AF /* PBXContainerItemProxy */ = {
			isa = PBXContainerItemProxy;
			containerPortal = ACC76C9D274C2425000EBAEA /* Project object */;
			proxyType = 1;
			remoteGlobalIDString = AC1E7686275F85B9000EB1AF;
			remoteInfo = "WatchLandmarks WatchKit Extension";
		};
		AC1E769D275F85BA000EB1AF /* PBXContainerItemProxy */ = {
			isa = PBXContainerItemProxy;
			containerPortal = ACC76C9D274C2425000EBAEA /* Project object */;
			proxyType = 1;
			remoteGlobalIDString = AC1E767E275F85B7000EB1AF;
			remoteInfo = WatchLandmarks;
		};
/* End PBXContainerItemProxy section */

/* Begin PBXCopyFilesBuildPhase section */
		AC1E76A0275F85BA000EB1AF /* Embed Watch Content */ = {
			isa = PBXCopyFilesBuildPhase;
			buildActionMask = 2147483647;
			dstPath = "$(CONTENTS_FOLDER_PATH)/Watch";
			dstSubfolderSpec = 16;
			files = (
				AC1E769F275F85BA000EB1AF /* WatchLandmarks.app in Embed Watch Content */,
			);
			name = "Embed Watch Content";
			runOnlyForDeploymentPostprocessing = 0;
		};
		AC1E76A3275F85BA000EB1AF /* Embed App Extensions */ = {
			isa = PBXCopyFilesBuildPhase;
			buildActionMask = 2147483647;
			dstPath = "";
			dstSubfolderSpec = 13;
			files = (
				AC1E7688275F85B9000EB1AF /* WatchLandmarks WatchKit Extension.appex in Embed App Extensions */,
			);
			name = "Embed App Extensions";
			runOnlyForDeploymentPostprocessing = 0;
		};
/* End PBXCopyFilesBuildPhase section */

/* Begin PBXFileReference section */
		AC1E767F275F85B7000EB1AF /* WatchLandmarks.app */ = {isa = PBXFileReference; explicitFileType = wrapper.application; includeInIndex = 0; path = WatchLandmarks.app; sourceTree = BUILT_PRODUCTS_DIR; };
		AC1E7681275F85B9000EB1AF /* Assets.xcassets */ = {isa = PBXFileReference; lastKnownFileType = folder.assetcatalog; path = Assets.xcassets; sourceTree = "<group>"; };
		AC1E7687275F85B9000EB1AF /* WatchLandmarks WatchKit Extension.appex */ = {isa = PBXFileReference; explicitFileType = "wrapper.app-extension"; includeInIndex = 0; path = "WatchLandmarks WatchKit Extension.appex"; sourceTree = BUILT_PRODUCTS_DIR; };
		AC1E768E275F85B9000EB1AF /* ContentView.swift */ = {isa = PBXFileReference; lastKnownFileType = sourcecode.swift; path = ContentView.swift; sourceTree = "<group>"; };
		AC1E7690275F85B9000EB1AF /* NotificationController.swift */ = {isa = PBXFileReference; lastKnownFileType = sourcecode.swift; path = NotificationController.swift; sourceTree = "<group>"; };
		AC1E7692275F85B9000EB1AF /* NotificationView.swift */ = {isa = PBXFileReference; lastKnownFileType = sourcecode.swift; path = NotificationView.swift; sourceTree = "<group>"; };
		AC1E7694275F85B9000EB1AF /* ComplicationController.swift */ = {isa = PBXFileReference; lastKnownFileType = sourcecode.swift; path = ComplicationController.swift; sourceTree = "<group>"; };
		AC1E7696275F85BA000EB1AF /* Assets.xcassets */ = {isa = PBXFileReference; lastKnownFileType = folder.assetcatalog; path = Assets.xcassets; sourceTree = "<group>"; };
		AC1E7699275F85BA000EB1AF /* Preview Assets.xcassets */ = {isa = PBXFileReference; lastKnownFileType = folder.assetcatalog; path = "Preview Assets.xcassets"; sourceTree = "<group>"; };
		AC1E769B275F85BA000EB1AF /* Info.plist */ = {isa = PBXFileReference; lastKnownFileType = text.plist.xml; path = Info.plist; sourceTree = "<group>"; };
		AC1E769C275F85BA000EB1AF /* PushNotificationPayload.apns */ = {isa = PBXFileReference; lastKnownFileType = text; path = PushNotificationPayload.apns; sourceTree = "<group>"; };
		AC1E76B4275F8838000EB1AF /* LandmarkDetail.swift */ = {isa = PBXFileReference; lastKnownFileType = sourcecode.swift; path = LandmarkDetail.swift; sourceTree = "<group>"; };
		AC72C5312757058A00151631 /* GraphCapsule.swift */ = {isa = PBXFileReference; fileEncoding = 4; lastKnownFileType = sourcecode.swift; path = GraphCapsule.swift; sourceTree = "<group>"; };
		AC72C5322757058A00151631 /* HikeGraph.swift */ = {isa = PBXFileReference; fileEncoding = 4; lastKnownFileType = sourcecode.swift; path = HikeGraph.swift; sourceTree = "<group>"; };
		AC72C5332757058A00151631 /* HikeDetail.swift */ = {isa = PBXFileReference; fileEncoding = 4; lastKnownFileType = sourcecode.swift; path = HikeDetail.swift; sourceTree = "<group>"; };
		AC72C5342757058A00151631 /* HikeView.swift */ = {isa = PBXFileReference; fileEncoding = 4; lastKnownFileType = sourcecode.swift; path = HikeView.swift; sourceTree = "<group>"; };
		AC72C53A27570BDF00151631 /* CategoryHome.swift */ = {isa = PBXFileReference; lastKnownFileType = sourcecode.swift; path = CategoryHome.swift; sourceTree = "<group>"; };
		AC72C53C2757100A00151631 /* CategoryRow.swift */ = {isa = PBXFileReference; lastKnownFileType = sourcecode.swift; path = CategoryRow.swift; sourceTree = "<group>"; };
		AC72C53E2757110F00151631 /* CategoryItem.swift */ = {isa = PBXFileReference; lastKnownFileType = sourcecode.swift; path = CategoryItem.swift; sourceTree = "<group>"; };
		AC740B34275EF5E4003FAE6D /* PageViewController.swift */ = {isa = PBXFileReference; lastKnownFileType = sourcecode.swift; path = PageViewController.swift; sourceTree = "<group>"; };
		AC740B36275EF6FD003FAE6D /* FeatureCard.swift */ = {isa = PBXFileReference; lastKnownFileType = sourcecode.swift; path = FeatureCard.swift; sourceTree = "<group>"; };
		AC740B38275EF769003FAE6D /* PageView.swift */ = {isa = PBXFileReference; lastKnownFileType = sourcecode.swift; path = PageView.swift; sourceTree = "<group>"; };
		AC740B3A275EF895003FAE6D /* PageControl.swift */ = {isa = PBXFileReference; lastKnownFileType = sourcecode.swift; path = PageControl.swift; sourceTree = "<group>"; };
		ACA1F2482755AD80005F3FA0 /* FavoriteButton.swift */ = {isa = PBXFileReference; lastKnownFileType = sourcecode.swift; path = FavoriteButton.swift; sourceTree = "<group>"; };
		ACA1F24D2755B240005F3FA0 /* HexagonParameters.swift */ = {isa = PBXFileReference; lastKnownFileType = sourcecode.swift; path = HexagonParameters.swift; sourceTree = "<group>"; };
		ACA1F24F2755B330005F3FA0 /* BadgeBackground.swift */ = {isa = PBXFileReference; lastKnownFileType = sourcecode.swift; path = BadgeBackground.swift; sourceTree = "<group>"; };
		ACA1F2512755B690005F3FA0 /* BadgeSymbol.swift */ = {isa = PBXFileReference; lastKnownFileType = sourcecode.swift; path = BadgeSymbol.swift; sourceTree = "<group>"; };
		ACA1F2532755B705005F3FA0 /* RotatedBadgeSymbol.swift */ = {isa = PBXFileReference; lastKnownFileType = sourcecode.swift; path = RotatedBadgeSymbol.swift; sourceTree = "<group>"; };
		ACA1F2552755B7B5005F3FA0 /* Badge.swift */ = {isa = PBXFileReference; lastKnownFileType = sourcecode.swift; path = Badge.swift; sourceTree = "<group>"; };
		ACC76CA5274C2425000EBAEA /* Landmarks.app */ = {isa = PBXFileReference; explicitFileType = wrapper.application; includeInIndex = 0; path = Landmarks.app; sourceTree = BUILT_PRODUCTS_DIR; };
		ACC76CA8274C2425000EBAEA /* LandmarksApp.swift */ = {isa = PBXFileReference; lastKnownFileType = sourcecode.swift; path = LandmarksApp.swift; sourceTree = "<group>"; };
		ACC76CAA274C2425000EBAEA /* ContentView.swift */ = {isa = PBXFileReference; lastKnownFileType = sourcecode.swift; path = ContentView.swift; sourceTree = "<group>"; };
		ACC76CAC274C2426000EBAEA /* Assets.xcassets */ = {isa = PBXFileReference; lastKnownFileType = folder.assetcatalog; path = Assets.xcassets; sourceTree = "<group>"; };
		ACC76CAF274C2426000EBAEA /* Preview Assets.xcassets */ = {isa = PBXFileReference; lastKnownFileType = folder.assetcatalog; path = "Preview Assets.xcassets"; sourceTree = "<group>"; };
		ACC76CB8274C2BC4000EBAEA /* CircleImage.swift */ = {isa = PBXFileReference; lastKnownFileType = sourcecode.swift; path = CircleImage.swift; sourceTree = "<group>"; };
		ACC76CBA274C2D02000EBAEA /* MapView.swift */ = {isa = PBXFileReference; lastKnownFileType = sourcecode.swift; path = MapView.swift; sourceTree = "<group>"; };
		ACC76CBC274C6209000EBAEA /* landmarkData.json */ = {isa = PBXFileReference; fileEncoding = 4; lastKnownFileType = text.json; path = landmarkData.json; sourceTree = "<group>"; };
		ACC76CBE274C623A000EBAEA /* Landmark.swift */ = {isa = PBXFileReference; lastKnownFileType = sourcecode.swift; path = Landmark.swift; sourceTree = "<group>"; };
		ACC76CC0274C6370000EBAEA /* ModelData.swift */ = {isa = PBXFileReference; lastKnownFileType = sourcecode.swift; path = ModelData.swift; sourceTree = "<group>"; };
		ACC76CC5274C6673000EBAEA /* LandmarkRow.swift */ = {isa = PBXFileReference; lastKnownFileType = sourcecode.swift; path = LandmarkRow.swift; sourceTree = "<group>"; };
		ACC76CC7274C67BD000EBAEA /* LandmarkList.swift */ = {isa = PBXFileReference; lastKnownFileType = sourcecode.swift; path = LandmarkList.swift; sourceTree = "<group>"; };
		ACC76CC9274C6A41000EBAEA /* LandmarkDetail.swift */ = {isa = PBXFileReference; lastKnownFileType = sourcecode.swift; path = LandmarkDetail.swift; sourceTree = "<group>"; };
		ACDA40482756998100449476 /* hikeData.json */ = {isa = PBXFileReference; fileEncoding = 4; lastKnownFileType = text.json; path = hikeData.json; sourceTree = "<group>"; };
		ACDA404A275699A100449476 /* Hike.swift */ = {isa = PBXFileReference; lastKnownFileType = sourcecode.swift; path = Hike.swift; sourceTree = "<group>"; };
		ACF9B0C92758382A00366D18 /* Profile.swift */ = {isa = PBXFileReference; lastKnownFileType = sourcecode.swift; path = Profile.swift; sourceTree = "<group>"; };
		ACF9B0CC275838DF00366D18 /* ProfileHost.swift */ = {isa = PBXFileReference; lastKnownFileType = sourcecode.swift; path = ProfileHost.swift; sourceTree = "<group>"; };
		ACF9B0CF2758392200366D18 /* ProfileSummary.swift */ = {isa = PBXFileReference; lastKnownFileType = sourcecode.swift; path = ProfileSummary.swift; sourceTree = "<group>"; };
		ACF9B0D1275839F900366D18 /* HikeBadge.swift */ = {isa = PBXFileReference; lastKnownFileType = sourcecode.swift; path = HikeBadge.swift; sourceTree = "<group>"; };
		ACF9B0D327583E1500366D18 /* ProfileEditor.swift */ = {isa = PBXFileReference; lastKnownFileType = sourcecode.swift; path = ProfileEditor.swift; sourceTree = "<group>"; };
/* End PBXFileReference section */

/* Begin PBXFrameworksBuildPhase section */
		AC1E7684275F85B9000EB1AF /* Frameworks */ = {
			isa = PBXFrameworksBuildPhase;
			buildActionMask = 2147483647;
			files = (
			);
			runOnlyForDeploymentPostprocessing = 0;
		};
		ACC76CA2274C2425000EBAEA /* Frameworks */ = {
			isa = PBXFrameworksBuildPhase;
			buildActionMask = 2147483647;
			files = (
			);
			runOnlyForDeploymentPostprocessing = 0;
		};
/* End PBXFrameworksBuildPhase section */

/* Begin PBXGroup section */
		AC1E7680275F85B7000EB1AF /* WatchLandmarks */ = {
			isa = PBXGroup;
			children = (
				AC1E7681275F85B9000EB1AF /* Assets.xcassets */,
			);
			path = WatchLandmarks;
			sourceTree = "<group>";
		};
		AC1E768B275F85B9000EB1AF /* WatchLandmarks WatchKit Extension */ = {
			isa = PBXGroup;
			children = (
				AC1E768E275F85B9000EB1AF /* ContentView.swift */,
				AC1E7690275F85B9000EB1AF /* NotificationController.swift */,
				AC1E7692275F85B9000EB1AF /* NotificationView.swift */,
				AC1E7694275F85B9000EB1AF /* ComplicationController.swift */,
				AC1E7696275F85BA000EB1AF /* Assets.xcassets */,
				AC1E769B275F85BA000EB1AF /* Info.plist */,
				AC1E769C275F85BA000EB1AF /* PushNotificationPayload.apns */,
				AC1E7698275F85BA000EB1AF /* Preview Content */,
				AC1E76B4275F8838000EB1AF /* LandmarkDetail.swift */,
			);
			path = "WatchLandmarks WatchKit Extension";
			sourceTree = "<group>";
		};
		AC1E7698275F85BA000EB1AF /* Preview Content */ = {
			isa = PBXGroup;
			children = (
				AC1E7699275F85BA000EB1AF /* Preview Assets.xcassets */,
			);
			path = "Preview Content";
			sourceTree = "<group>";
		};
		AC72C5302757058A00151631 /* Hikes */ = {
			isa = PBXGroup;
			children = (
				AC72C5312757058A00151631 /* GraphCapsule.swift */,
				AC72C5322757058A00151631 /* HikeGraph.swift */,
				AC72C5332757058A00151631 /* HikeDetail.swift */,
				AC72C5342757058A00151631 /* HikeView.swift */,
				ACF9B0D1275839F900366D18 /* HikeBadge.swift */,
			);
			path = Hikes;
			sourceTree = "<group>";
		};
		AC72C53927570BC200151631 /* Categories */ = {
			isa = PBXGroup;
			children = (
				AC72C53A27570BDF00151631 /* CategoryHome.swift */,
				AC72C53C2757100A00151631 /* CategoryRow.swift */,
				AC72C53E2757110F00151631 /* CategoryItem.swift */,
			);
			path = Categories;
			sourceTree = "<group>";
		};
		AC740B33275EF5C3003FAE6D /* PageView */ = {
			isa = PBXGroup;
			children = (
				AC740B36275EF6FD003FAE6D /* FeatureCard.swift */,
				AC740B3A275EF895003FAE6D /* PageControl.swift */,
				AC740B38275EF769003FAE6D /* PageView.swift */,
				AC740B34275EF5E4003FAE6D /* PageViewController.swift */,
			);
			path = PageView;
			sourceTree = "<group>";
		};
		ACA1F24A2755ADF9005F3FA0 /* Landmarks */ = {
			isa = PBXGroup;
			children = (
				ACC76CC9274C6A41000EBAEA /* LandmarkDetail.swift */,
				ACC76CC7274C67BD000EBAEA /* LandmarkList.swift */,
				ACC76CC5274C6673000EBAEA /* LandmarkRow.swift */,
			);
			path = Landmarks;
			sourceTree = "<group>";
		};
		ACA1F24C2755AE0A005F3FA0 /* Helpers */ = {
			isa = PBXGroup;
			children = (
				ACC76CB8274C2BC4000EBAEA /* CircleImage.swift */,
				ACA1F2482755AD80005F3FA0 /* FavoriteButton.swift */,
				ACC76CBA274C2D02000EBAEA /* MapView.swift */,
			);
			path = Helpers;
			sourceTree = "<group>";
		};
		ACA1F2572755B902005F3FA0 /* Badges */ = {
			isa = PBXGroup;
			children = (
				ACA1F2552755B7B5005F3FA0 /* Badge.swift */,
				ACA1F24F2755B330005F3FA0 /* BadgeBackground.swift */,
				ACA1F2512755B690005F3FA0 /* BadgeSymbol.swift */,
				ACA1F24D2755B240005F3FA0 /* HexagonParameters.swift */,
				ACA1F2532755B705005F3FA0 /* RotatedBadgeSymbol.swift */,
			);
			path = Badges;
			sourceTree = "<group>";
		};
		ACC76C9C274C2425000EBAEA = {
			isa = PBXGroup;
			children = (
				ACC76CA7274C2425000EBAEA /* Landmarks */,
				AC1E7680275F85B7000EB1AF /* WatchLandmarks */,
				AC1E768B275F85B9000EB1AF /* WatchLandmarks WatchKit Extension */,
				ACC76CA6274C2425000EBAEA /* Products */,
			);
			sourceTree = "<group>";
		};
		ACC76CA6274C2425000EBAEA /* Products */ = {
			isa = PBXGroup;
			children = (
				ACC76CA5274C2425000EBAEA /* Landmarks.app */,
				AC1E767F275F85B7000EB1AF /* WatchLandmarks.app */,
				AC1E7687275F85B9000EB1AF /* WatchLandmarks WatchKit Extension.appex */,
			);
			name = Products;
			sourceTree = "<group>";
		};
		ACC76CA7274C2425000EBAEA /* Landmarks */ = {
			isa = PBXGroup;
			children = (
				ACC76CA8274C2425000EBAEA /* LandmarksApp.swift */,
				ACC76CC2274C64EB000EBAEA /* Views */,
				ACC76CC3274C6506000EBAEA /* Model */,
				ACC76CC4274C651D000EBAEA /* Resources */,
				ACC76CAC274C2426000EBAEA /* Assets.xcassets */,
				ACC76CAE274C2426000EBAEA /* Preview Content */,
			);
			path = Landmarks;
			sourceTree = "<group>";
		};
		ACC76CAE274C2426000EBAEA /* Preview Content */ = {
			isa = PBXGroup;
			children = (
				ACC76CAF274C2426000EBAEA /* Preview Assets.xcassets */,
			);
			path = "Preview Content";
			sourceTree = "<group>";
		};
		ACC76CC2274C64EB000EBAEA /* Views */ = {
			isa = PBXGroup;
			children = (
				ACC76CAA274C2425000EBAEA /* ContentView.swift */,
				ACA1F2572755B902005F3FA0 /* Badges */,
				AC72C53927570BC200151631 /* Categories */,
				ACA1F24C2755AE0A005F3FA0 /* Helpers */,
				AC72C5302757058A00151631 /* Hikes */,
				ACA1F24A2755ADF9005F3FA0 /* Landmarks */,
				AC740B33275EF5C3003FAE6D /* PageView */,
				ACF9B0CB275838B600366D18 /* Profiles */,
			);
			path = Views;
			sourceTree = "<group>";
		};
		ACC76CC3274C6506000EBAEA /* Model */ = {
			isa = PBXGroup;
			children = (
				ACC76CBE274C623A000EBAEA /* Landmark.swift */,
				ACC76CC0274C6370000EBAEA /* ModelData.swift */,
				ACDA404A275699A100449476 /* Hike.swift */,
				ACF9B0C92758382A00366D18 /* Profile.swift */,
			);
			path = Model;
			sourceTree = "<group>";
		};
		ACC76CC4274C651D000EBAEA /* Resources */ = {
			isa = PBXGroup;
			children = (
				ACDA40482756998100449476 /* hikeData.json */,
				ACC76CBC274C6209000EBAEA /* landmarkData.json */,
			);
			path = Resources;
			sourceTree = "<group>";
		};
		ACF9B0CB275838B600366D18 /* Profiles */ = {
			isa = PBXGroup;
			children = (
				ACF9B0CC275838DF00366D18 /* ProfileHost.swift */,
				ACF9B0CF2758392200366D18 /* ProfileSummary.swift */,
				ACF9B0D327583E1500366D18 /* ProfileEditor.swift */,
			);
			path = Profiles;
			sourceTree = "<group>";
		};
/* End PBXGroup section */

/* Begin PBXNativeTarget section */
		AC1E767E275F85B7000EB1AF /* WatchLandmarks */ = {
			isa = PBXNativeTarget;
			buildConfigurationList = AC1E76A7275F85BA000EB1AF /* Build configuration list for PBXNativeTarget "WatchLandmarks" */;
			buildPhases = (
				AC1E767D275F85B7000EB1AF /* Resources */,
				AC1E76A3275F85BA000EB1AF /* Embed App Extensions */,
			);
			buildRules = (
			);
			dependencies = (
				AC1E768A275F85B9000EB1AF /* PBXTargetDependency */,
			);
			name = WatchLandmarks;
			productName = WatchLandmarks;
			productReference = AC1E767F275F85B7000EB1AF /* WatchLandmarks.app */;
			productType = "com.apple.product-type.application.watchapp2";
		};
		AC1E7686275F85B9000EB1AF /* WatchLandmarks WatchKit Extension */ = {
			isa = PBXNativeTarget;
			buildConfigurationList = AC1E76A6275F85BA000EB1AF /* Build configuration list for PBXNativeTarget "WatchLandmarks WatchKit Extension" */;
			buildPhases = (
				AC1E7683275F85B9000EB1AF /* Sources */,
				AC1E7684275F85B9000EB1AF /* Frameworks */,
				AC1E7685275F85B9000EB1AF /* Resources */,
			);
			buildRules = (
			);
			dependencies = (
			);
			name = "WatchLandmarks WatchKit Extension";
			productName = "WatchLandmarks WatchKit Extension";
			productReference = AC1E7687275F85B9000EB1AF /* WatchLandmarks WatchKit Extension.appex */;
			productType = "com.apple.product-type.watchkit2-extension";
		};
		ACC76CA4274C2425000EBAEA /* Landmarks */ = {
			isa = PBXNativeTarget;
			buildConfigurationList = ACC76CB3274C2426000EBAEA /* Build configuration list for PBXNativeTarget "Landmarks" */;
			buildPhases = (
				ACC76CA1274C2425000EBAEA /* Sources */,
				ACC76CA2274C2425000EBAEA /* Frameworks */,
				ACC76CA3274C2425000EBAEA /* Resources */,
				AC1E76A0275F85BA000EB1AF /* Embed Watch Content */,
			);
			buildRules = (
			);
			dependencies = (
				AC1E769E275F85BA000EB1AF /* PBXTargetDependency */,
			);
			name = Landmarks;
			productName = Landmarks;
			productReference = ACC76CA5274C2425000EBAEA /* Landmarks.app */;
			productType = "com.apple.product-type.application";
		};
/* End PBXNativeTarget section */

/* Begin PBXProject section */
		ACC76C9D274C2425000EBAEA /* Project object */ = {
			isa = PBXProject;
			attributes = {
				BuildIndependentTargetsInParallel = 1;
				LastSwiftUpdateCheck = 1310;
				LastUpgradeCheck = 1310;
				TargetAttributes = {
					AC1E767E275F85B7000EB1AF = {
						CreatedOnToolsVersion = 13.1;
					};
					AC1E7686275F85B9000EB1AF = {
						CreatedOnToolsVersion = 13.1;
					};
					ACC76CA4274C2425000EBAEA = {
						CreatedOnToolsVersion = 13.1;
					};
				};
			};
			buildConfigurationList = ACC76CA0274C2425000EBAEA /* Build configuration list for PBXProject "Landmarks" */;
			compatibilityVersion = "Xcode 13.0";
			developmentRegion = en;
			hasScannedForEncodings = 0;
			knownRegions = (
				en,
				Base,
			);
			mainGroup = ACC76C9C274C2425000EBAEA;
			productRefGroup = ACC76CA6274C2425000EBAEA /* Products */;
			projectDirPath = "";
			projectRoot = "";
			targets = (
				ACC76CA4274C2425000EBAEA /* Landmarks */,
				AC1E767E275F85B7000EB1AF /* WatchLandmarks */,
				AC1E7686275F85B9000EB1AF /* WatchLandmarks WatchKit Extension */,
			);
		};
/* End PBXProject section */

/* Begin PBXResourcesBuildPhase section */
		AC1E767D275F85B7000EB1AF /* Resources */ = {
			isa = PBXResourcesBuildPhase;
			buildActionMask = 2147483647;
			files = (
				AC1E7682275F85B9000EB1AF /* Assets.xcassets in Resources */,
			);
			runOnlyForDeploymentPostprocessing = 0;
		};
		AC1E7685275F85B9000EB1AF /* Resources */ = {
			isa = PBXResourcesBuildPhase;
			buildActionMask = 2147483647;
			files = (
				AC1E76AD275F87BF000EB1AF /* hikeData.json in Resources */,
				AC1E769A275F85BA000EB1AF /* Preview Assets.xcassets in Resources */,
				AC1E7697275F85BA000EB1AF /* Assets.xcassets in Resources */,
				AC1E76A9275F87BF000EB1AF /* landmarkData.json in Resources */,
				AC1E76B0275F87BF000EB1AF /* Assets.xcassets in Resources */,
			);
			runOnlyForDeploymentPostprocessing = 0;
		};
		ACC76CA3274C2425000EBAEA /* Resources */ = {
			isa = PBXResourcesBuildPhase;
			buildActionMask = 2147483647;
			files = (
				ACDA40492756998100449476 /* hikeData.json in Resources */,
				ACC76CB0274C2426000EBAEA /* Preview Assets.xcassets in Resources */,
				ACC76CAD274C2426000EBAEA /* Assets.xcassets in Resources */,
				ACC76CBD274C6209000EBAEA /* landmarkData.json in Resources */,
			);
			runOnlyForDeploymentPostprocessing = 0;
		};
/* End PBXResourcesBuildPhase section */

/* Begin PBXSourcesBuildPhase section */
		AC1E7683275F85B9000EB1AF /* Sources */ = {
			isa = PBXSourcesBuildPhase;
			buildActionMask = 2147483647;
			files = (
				AC1E7691275F85B9000EB1AF /* NotificationController.swift in Sources */,
				AC1E768F275F85B9000EB1AF /* ContentView.swift in Sources */,
				AC1E76B2275F87BF000EB1AF /* LandmarkRow.swift in Sources */,
				AC1E7695275F85B9000EB1AF /* ComplicationController.swift in Sources */,
				AC1E76B3275F87BF000EB1AF /* MapView.swift in Sources */,
				AC1E76AC275F87BF000EB1AF /* LandmarksApp.swift in Sources */,
				AC1E76B5275F8838000EB1AF /* LandmarkDetail.swift in Sources */,
				AC1E76B1275F87BF000EB1AF /* Hike.swift in Sources */,
				AC1E76AB275F87BF000EB1AF /* CircleImage.swift in Sources */,
				AC1E7693275F85B9000EB1AF /* NotificationView.swift in Sources */,
				AC1E76A8275F87BF000EB1AF /* LandmarkList.swift in Sources */,
				AC1E76AE275F87BF000EB1AF /* Profile.swift in Sources */,
				AC1E76AA275F87BF000EB1AF /* ModelData.swift in Sources */,
				AC1E76AF275F87BF000EB1AF /* Landmark.swift in Sources */,
			);
			runOnlyForDeploymentPostprocessing = 0;
		};
		ACC76CA1274C2425000EBAEA /* Sources */ = {
			isa = PBXSourcesBuildPhase;
			buildActionMask = 2147483647;
			files = (
				AC72C53D2757100A00151631 /* CategoryRow.swift in Sources */,
				ACF9B0CA2758382A00366D18 /* Profile.swift in Sources */,
				ACC76CAB274C2425000EBAEA /* ContentView.swift in Sources */,
				AC72C53B27570BDF00151631 /* CategoryHome.swift in Sources */,
				AC740B37275EF6FD003FAE6D /* FeatureCard.swift in Sources */,
				AC72C5362757058A00151631 /* HikeGraph.swift in Sources */,
				ACA1F2562755B7B5005F3FA0 /* Badge.swift in Sources */,
				ACC76CBB274C2D02000EBAEA /* MapView.swift in Sources */,
				AC72C5352757058A00151631 /* GraphCapsule.swift in Sources */,
				ACC76CA9274C2425000EBAEA /* LandmarksApp.swift in Sources */,
				AC740B3B275EF895003FAE6D /* PageControl.swift in Sources */,
				ACA1F2492755AD80005F3FA0 /* FavoriteButton.swift in Sources */,
				AC72C53F2757110F00151631 /* CategoryItem.swift in Sources */,
				AC72C5372757058A00151631 /* HikeDetail.swift in Sources */,
				ACF9B0D02758392200366D18 /* ProfileSummary.swift in Sources */,
				ACA1F24E2755B240005F3FA0 /* HexagonParameters.swift in Sources */,
				ACF9B0CD275838DF00366D18 /* ProfileHost.swift in Sources */,
				ACDA404B275699A100449476 /* Hike.swift in Sources */,
				ACA1F2542755B705005F3FA0 /* RotatedBadgeSymbol.swift in Sources */,
				AC740B39275EF769003FAE6D /* PageView.swift in Sources */,
				ACA1F2522755B690005F3FA0 /* BadgeSymbol.swift in Sources */,
				ACF9B0D427583E1500366D18 /* ProfileEditor.swift in Sources */,
				ACC76CC8274C67BD000EBAEA /* LandmarkList.swift in Sources */,
				AC72C5382757058A00151631 /* HikeView.swift in Sources */,
				ACC76CCA274C6A41000EBAEA /* LandmarkDetail.swift in Sources */,
				AC740B35275EF5E4003FAE6D /* PageViewController.swift in Sources */,
				ACA1F2502755B330005F3FA0 /* BadgeBackground.swift in Sources */,
				ACF9B0D2275839F900366D18 /* HikeBadge.swift in Sources */,
				ACC76CB9274C2BC4000EBAEA /* CircleImage.swift in Sources */,
				ACC76CBF274C623A000EBAEA /* Landmark.swift in Sources */,
				ACC76CC6274C6673000EBAEA /* LandmarkRow.swift in Sources */,
				ACC76CC1274C6370000EBAEA /* ModelData.swift in Sources */,
			);
			runOnlyForDeploymentPostprocessing = 0;
		};
/* End PBXSourcesBuildPhase section */

/* Begin PBXTargetDependency section */
		AC1E768A275F85B9000EB1AF /* PBXTargetDependency */ = {
			isa = PBXTargetDependency;
			target = AC1E7686275F85B9000EB1AF /* WatchLandmarks WatchKit Extension */;
			targetProxy = AC1E7689275F85B9000EB1AF /* PBXContainerItemProxy */;
		};
		AC1E769E275F85BA000EB1AF /* PBXTargetDependency */ = {
			isa = PBXTargetDependency;
			target = AC1E767E275F85B7000EB1AF /* WatchLandmarks */;
			targetProxy = AC1E769D275F85BA000EB1AF /* PBXContainerItemProxy */;
		};
/* End PBXTargetDependency section */

/* Begin XCBuildConfiguration section */
		AC1E76A1275F85BA000EB1AF /* Debug */ = {
			isa = XCBuildConfiguration;
			buildSettings = {
				ALWAYS_EMBED_SWIFT_STANDARD_LIBRARIES = YES;
				ASSETCATALOG_COMPILER_APPICON_NAME = AppIcon;
				ASSETCATALOG_COMPILER_GLOBAL_ACCENT_COLOR_NAME = AccentColor;
				CODE_SIGN_STYLE = Automatic;
				CURRENT_PROJECT_VERSION = 1;
				DEVELOPMENT_TEAM = 5696N2RH6W;
				GENERATE_INFOPLIST_FILE = YES;
				IBSC_MODULE = WatchLandmarks_WatchKit_Extension;
				INFOPLIST_KEY_CFBundleDisplayName = WatchLandmarks;
				INFOPLIST_KEY_UISupportedInterfaceOrientations = "UIInterfaceOrientationPortrait UIInterfaceOrientationPortraitUpsideDown";
				INFOPLIST_KEY_WKCompanionAppBundleIdentifier = br.com.Landmarks;
				MARKETING_VERSION = 1.0;
				PRODUCT_BUNDLE_IDENTIFIER = br.com.Landmarks.watchkitapp;
				PRODUCT_NAME = "$(TARGET_NAME)";
				SDKROOT = watchos;
				SKIP_INSTALL = YES;
				SWIFT_EMIT_LOC_STRINGS = YES;
				SWIFT_VERSION = 5.0;
				TARGETED_DEVICE_FAMILY = 4;
				WATCHOS_DEPLOYMENT_TARGET = 8.0;
			};
			name = Debug;
		};
		AC1E76A2275F85BA000EB1AF /* Release */ = {
			isa = XCBuildConfiguration;
			buildSettings = {
				ALWAYS_EMBED_SWIFT_STANDARD_LIBRARIES = YES;
				ASSETCATALOG_COMPILER_APPICON_NAME = AppIcon;
				ASSETCATALOG_COMPILER_GLOBAL_ACCENT_COLOR_NAME = AccentColor;
				CODE_SIGN_STYLE = Automatic;
				CURRENT_PROJECT_VERSION = 1;
				DEVELOPMENT_TEAM = 5696N2RH6W;
				GENERATE_INFOPLIST_FILE = YES;
				IBSC_MODULE = WatchLandmarks_WatchKit_Extension;
				INFOPLIST_KEY_CFBundleDisplayName = WatchLandmarks;
				INFOPLIST_KEY_UISupportedInterfaceOrientations = "UIInterfaceOrientationPortrait UIInterfaceOrientationPortraitUpsideDown";
				INFOPLIST_KEY_WKCompanionAppBundleIdentifier = br.com.Landmarks;
				MARKETING_VERSION = 1.0;
				PRODUCT_BUNDLE_IDENTIFIER = br.com.Landmarks.watchkitapp;
				PRODUCT_NAME = "$(TARGET_NAME)";
				SDKROOT = watchos;
				SKIP_INSTALL = YES;
				SWIFT_EMIT_LOC_STRINGS = YES;
				SWIFT_VERSION = 5.0;
				TARGETED_DEVICE_FAMILY = 4;
				WATCHOS_DEPLOYMENT_TARGET = 8.0;
			};
			name = Release;
		};
		AC1E76A4275F85BA000EB1AF /* Debug */ = {
			isa = XCBuildConfiguration;
			buildSettings = {
				ASSETCATALOG_COMPILER_COMPLICATION_NAME = Complication;
				CODE_SIGN_STYLE = Automatic;
				CURRENT_PROJECT_VERSION = 1;
				DEVELOPMENT_ASSET_PATHS = "\"WatchLandmarks WatchKit Extension/Preview Content\"";
				ENABLE_PREVIEWS = YES;
				GENERATE_INFOPLIST_FILE = YES;
				INFOPLIST_FILE = "WatchLandmarks WatchKit Extension/Info.plist";
				INFOPLIST_KEY_CFBundleDisplayName = "WatchLandmarks WatchKit Extension";
				INFOPLIST_KEY_CLKComplicationPrincipalClass = WatchLandmarks_WatchKit_Extension.ComplicationController;
				INFOPLIST_KEY_NSHumanReadableCopyright = "";
				INFOPLIST_KEY_WKRunsIndependentlyOfCompanionApp = YES;
				LD_RUNPATH_SEARCH_PATHS = (
					"$(inherited)",
					"@executable_path/Frameworks",
					"@executable_path/../../Frameworks",
				);
				MARKETING_VERSION = 1.0;
				PRODUCT_BUNDLE_IDENTIFIER = br.com.Landmarks.watchkitapp.watchkitextension;
				PRODUCT_NAME = "${TARGET_NAME}";
				SDKROOT = watchos;
				SKIP_INSTALL = YES;
				SWIFT_EMIT_LOC_STRINGS = YES;
				SWIFT_VERSION = 5.0;
				TARGETED_DEVICE_FAMILY = 4;
				WATCHOS_DEPLOYMENT_TARGET = 8.0;
			};
			name = Debug;
		};
		AC1E76A5275F85BA000EB1AF /* Release */ = {
			isa = XCBuildConfiguration;
			buildSettings = {
				ASSETCATALOG_COMPILER_COMPLICATION_NAME = Complication;
				CODE_SIGN_STYLE = Automatic;
				CURRENT_PROJECT_VERSION = 1;
				DEVELOPMENT_ASSET_PATHS = "\"WatchLandmarks WatchKit Extension/Preview Content\"";
				ENABLE_PREVIEWS = YES;
				GENERATE_INFOPLIST_FILE = YES;
				INFOPLIST_FILE = "WatchLandmarks WatchKit Extension/Info.plist";
				INFOPLIST_KEY_CFBundleDisplayName = "WatchLandmarks WatchKit Extension";
				INFOPLIST_KEY_CLKComplicationPrincipalClass = WatchLandmarks_WatchKit_Extension.ComplicationController;
				INFOPLIST_KEY_NSHumanReadableCopyright = "";
				INFOPLIST_KEY_WKRunsIndependentlyOfCompanionApp = YES;
				LD_RUNPATH_SEARCH_PATHS = (
					"$(inherited)",
					"@executable_path/Frameworks",
					"@executable_path/../../Frameworks",
				);
				MARKETING_VERSION = 1.0;
				PRODUCT_BUNDLE_IDENTIFIER = br.com.Landmarks.watchkitapp.watchkitextension;
				PRODUCT_NAME = "${TARGET_NAME}";
				SDKROOT = watchos;
				SKIP_INSTALL = YES;
				SWIFT_EMIT_LOC_STRINGS = YES;
				SWIFT_VERSION = 5.0;
				TARGETED_DEVICE_FAMILY = 4;
				WATCHOS_DEPLOYMENT_TARGET = 8.0;
			};
			name = Release;
		};
		ACC76CB1274C2426000EBAEA /* Debug */ = {
			isa = XCBuildConfiguration;
			buildSettings = {
				ALWAYS_SEARCH_USER_PATHS = NO;
				CLANG_ANALYZER_NONNULL = YES;
				CLANG_ANALYZER_NUMBER_OBJECT_CONVERSION = YES_AGGRESSIVE;
				CLANG_CXX_LANGUAGE_STANDARD = "gnu++17";
				CLANG_CXX_LIBRARY = "libc++";
				CLANG_ENABLE_MODULES = YES;
				CLANG_ENABLE_OBJC_ARC = YES;
				CLANG_ENABLE_OBJC_WEAK = YES;
				CLANG_WARN_BLOCK_CAPTURE_AUTORELEASING = YES;
				CLANG_WARN_BOOL_CONVERSION = YES;
				CLANG_WARN_COMMA = YES;
				CLANG_WARN_CONSTANT_CONVERSION = YES;
				CLANG_WARN_DEPRECATED_OBJC_IMPLEMENTATIONS = YES;
				CLANG_WARN_DIRECT_OBJC_ISA_USAGE = YES_ERROR;
				CLANG_WARN_DOCUMENTATION_COMMENTS = YES;
				CLANG_WARN_EMPTY_BODY = YES;
				CLANG_WARN_ENUM_CONVERSION = YES;
				CLANG_WARN_INFINITE_RECURSION = YES;
				CLANG_WARN_INT_CONVERSION = YES;
				CLANG_WARN_NON_LITERAL_NULL_CONVERSION = YES;
				CLANG_WARN_OBJC_IMPLICIT_RETAIN_SELF = YES;
				CLANG_WARN_OBJC_LITERAL_CONVERSION = YES;
				CLANG_WARN_OBJC_ROOT_CLASS = YES_ERROR;
				CLANG_WARN_QUOTED_INCLUDE_IN_FRAMEWORK_HEADER = YES;
				CLANG_WARN_RANGE_LOOP_ANALYSIS = YES;
				CLANG_WARN_STRICT_PROTOTYPES = YES;
				CLANG_WARN_SUSPICIOUS_MOVE = YES;
				CLANG_WARN_UNGUARDED_AVAILABILITY = YES_AGGRESSIVE;
				CLANG_WARN_UNREACHABLE_CODE = YES;
				CLANG_WARN__DUPLICATE_METHOD_MATCH = YES;
				COPY_PHASE_STRIP = NO;
				DEBUG_INFORMATION_FORMAT = dwarf;
				ENABLE_STRICT_OBJC_MSGSEND = YES;
				ENABLE_TESTABILITY = YES;
				GCC_C_LANGUAGE_STANDARD = gnu11;
				GCC_DYNAMIC_NO_PIC = NO;
				GCC_NO_COMMON_BLOCKS = YES;
				GCC_OPTIMIZATION_LEVEL = 0;
				GCC_PREPROCESSOR_DEFINITIONS = (
					"DEBUG=1",
					"$(inherited)",
				);
				GCC_WARN_64_TO_32_BIT_CONVERSION = YES;
				GCC_WARN_ABOUT_RETURN_TYPE = YES_ERROR;
				GCC_WARN_UNDECLARED_SELECTOR = YES;
				GCC_WARN_UNINITIALIZED_AUTOS = YES_AGGRESSIVE;
				GCC_WARN_UNUSED_FUNCTION = YES;
				GCC_WARN_UNUSED_VARIABLE = YES;
				IPHONEOS_DEPLOYMENT_TARGET = 15.0;
				MTL_ENABLE_DEBUG_INFO = INCLUDE_SOURCE;
				MTL_FAST_MATH = YES;
				ONLY_ACTIVE_ARCH = YES;
				SDKROOT = iphoneos;
				SWIFT_ACTIVE_COMPILATION_CONDITIONS = DEBUG;
				SWIFT_OPTIMIZATION_LEVEL = "-Onone";
			};
			name = Debug;
		};
		ACC76CB2274C2426000EBAEA /* Release */ = {
			isa = XCBuildConfiguration;
			buildSettings = {
				ALWAYS_SEARCH_USER_PATHS = NO;
				CLANG_ANALYZER_NONNULL = YES;
				CLANG_ANALYZER_NUMBER_OBJECT_CONVERSION = YES_AGGRESSIVE;
				CLANG_CXX_LANGUAGE_STANDARD = "gnu++17";
				CLANG_CXX_LIBRARY = "libc++";
				CLANG_ENABLE_MODULES = YES;
				CLANG_ENABLE_OBJC_ARC = YES;
				CLANG_ENABLE_OBJC_WEAK = YES;
				CLANG_WARN_BLOCK_CAPTURE_AUTORELEASING = YES;
				CLANG_WARN_BOOL_CONVERSION = YES;
				CLANG_WARN_COMMA = YES;
				CLANG_WARN_CONSTANT_CONVERSION = YES;
				CLANG_WARN_DEPRECATED_OBJC_IMPLEMENTATIONS = YES;
				CLANG_WARN_DIRECT_OBJC_ISA_USAGE = YES_ERROR;
				CLANG_WARN_DOCUMENTATION_COMMENTS = YES;
				CLANG_WARN_EMPTY_BODY = YES;
				CLANG_WARN_ENUM_CONVERSION = YES;
				CLANG_WARN_INFINITE_RECURSION = YES;
				CLANG_WARN_INT_CONVERSION = YES;
				CLANG_WARN_NON_LITERAL_NULL_CONVERSION = YES;
				CLANG_WARN_OBJC_IMPLICIT_RETAIN_SELF = YES;
				CLANG_WARN_OBJC_LITERAL_CONVERSION = YES;
				CLANG_WARN_OBJC_ROOT_CLASS = YES_ERROR;
				CLANG_WARN_QUOTED_INCLUDE_IN_FRAMEWORK_HEADER = YES;
				CLANG_WARN_RANGE_LOOP_ANALYSIS = YES;
				CLANG_WARN_STRICT_PROTOTYPES = YES;
				CLANG_WARN_SUSPICIOUS_MOVE = YES;
				CLANG_WARN_UNGUARDED_AVAILABILITY = YES_AGGRESSIVE;
				CLANG_WARN_UNREACHABLE_CODE = YES;
				CLANG_WARN__DUPLICATE_METHOD_MATCH = YES;
				COPY_PHASE_STRIP = NO;
				DEBUG_INFORMATION_FORMAT = "dwarf-with-dsym";
				ENABLE_NS_ASSERTIONS = NO;
				ENABLE_STRICT_OBJC_MSGSEND = YES;
				GCC_C_LANGUAGE_STANDARD = gnu11;
				GCC_NO_COMMON_BLOCKS = YES;
				GCC_WARN_64_TO_32_BIT_CONVERSION = YES;
				GCC_WARN_ABOUT_RETURN_TYPE = YES_ERROR;
				GCC_WARN_UNDECLARED_SELECTOR = YES;
				GCC_WARN_UNINITIALIZED_AUTOS = YES_AGGRESSIVE;
				GCC_WARN_UNUSED_FUNCTION = YES;
				GCC_WARN_UNUSED_VARIABLE = YES;
				IPHONEOS_DEPLOYMENT_TARGET = 15.0;
				MTL_ENABLE_DEBUG_INFO = NO;
				MTL_FAST_MATH = YES;
				SDKROOT = iphoneos;
				SWIFT_COMPILATION_MODE = wholemodule;
				SWIFT_OPTIMIZATION_LEVEL = "-O";
				VALIDATE_PRODUCT = YES;
			};
			name = Release;
		};
		ACC76CB4274C2426000EBAEA /* Debug */ = {
			isa = XCBuildConfiguration;
			buildSettings = {
				ASSETCATALOG_COMPILER_APPICON_NAME = AppIcon;
				ASSETCATALOG_COMPILER_GLOBAL_ACCENT_COLOR_NAME = AccentColor;
				CODE_SIGN_STYLE = Automatic;
				CURRENT_PROJECT_VERSION = 1;
				DEVELOPMENT_ASSET_PATHS = "\"Landmarks/Preview Content\"";
				DEVELOPMENT_TEAM = 5696N2RH6W;
				ENABLE_PREVIEWS = YES;
				GENERATE_INFOPLIST_FILE = YES;
				INFOPLIST_KEY_UIApplicationSceneManifest_Generation = YES;
				INFOPLIST_KEY_UIApplicationSupportsIndirectInputEvents = YES;
				INFOPLIST_KEY_UILaunchScreen_Generation = YES;
				INFOPLIST_KEY_UISupportedInterfaceOrientations_iPad = "UIInterfaceOrientationPortrait UIInterfaceOrientationPortraitUpsideDown UIInterfaceOrientationLandscapeLeft UIInterfaceOrientationLandscapeRight";
				INFOPLIST_KEY_UISupportedInterfaceOrientations_iPhone = "UIInterfaceOrientationPortrait UIInterfaceOrientationLandscapeLeft UIInterfaceOrientationLandscapeRight";
				LD_RUNPATH_SEARCH_PATHS = (
					"$(inherited)",
					"@executable_path/Frameworks",
				);
				MARKETING_VERSION = 1.0;
				PRODUCT_BUNDLE_IDENTIFIER = br.com.Landmarks;
				PRODUCT_NAME = "$(TARGET_NAME)";
				SWIFT_EMIT_LOC_STRINGS = YES;
				SWIFT_VERSION = 5.0;
				TARGETED_DEVICE_FAMILY = "1,2";
			};
			name = Debug;
		};
		ACC76CB5274C2426000EBAEA /* Release */ = {
			isa = XCBuildConfiguration;
			buildSettings = {
				ASSETCATALOG_COMPILER_APPICON_NAME = AppIcon;
				ASSETCATALOG_COMPILER_GLOBAL_ACCENT_COLOR_NAME = AccentColor;
				CODE_SIGN_STYLE = Automatic;
				CURRENT_PROJECT_VERSION = 1;
				DEVELOPMENT_ASSET_PATHS = "\"Landmarks/Preview Content\"";
				DEVELOPMENT_TEAM = 5696N2RH6W;
				ENABLE_PREVIEWS = YES;
				GENERATE_INFOPLIST_FILE = YES;
				INFOPLIST_KEY_UIApplicationSceneManifest_Generation = YES;
				INFOPLIST_KEY_UIApplicationSupportsIndirectInputEvents = YES;
				INFOPLIST_KEY_UILaunchScreen_Generation = YES;
				INFOPLIST_KEY_UISupportedInterfaceOrientations_iPad = "UIInterfaceOrientationPortrait UIInterfaceOrientationPortraitUpsideDown UIInterfaceOrientationLandscapeLeft UIInterfaceOrientationLandscapeRight";
				INFOPLIST_KEY_UISupportedInterfaceOrientations_iPhone = "UIInterfaceOrientationPortrait UIInterfaceOrientationLandscapeLeft UIInterfaceOrientationLandscapeRight";
				LD_RUNPATH_SEARCH_PATHS = (
					"$(inherited)",
					"@executable_path/Frameworks",
				);
				MARKETING_VERSION = 1.0;
				PRODUCT_BUNDLE_IDENTIFIER = br.com.Landmarks;
				PRODUCT_NAME = "$(TARGET_NAME)";
				SWIFT_EMIT_LOC_STRINGS = YES;
				SWIFT_VERSION = 5.0;
				TARGETED_DEVICE_FAMILY = "1,2";
			};
			name = Release;
		};
/* End XCBuildConfiguration section */

/* Begin XCConfigurationList section */
		AC1E76A6275F85BA000EB1AF /* Build configuration list for PBXNativeTarget "WatchLandmarks WatchKit Extension" */ = {
			isa = XCConfigurationList;
			buildConfigurations = (
				AC1E76A4275F85BA000EB1AF /* Debug */,
				AC1E76A5275F85BA000EB1AF /* Release */,
			);
			defaultConfigurationIsVisible = 0;
			defaultConfigurationName = Release;
		};
		AC1E76A7275F85BA000EB1AF /* Build configuration list for PBXNativeTarget "WatchLandmarks" */ = {
			isa = XCConfigurationList;
			buildConfigurations = (
				AC1E76A1275F85BA000EB1AF /* Debug */,
				AC1E76A2275F85BA000EB1AF /* Release */,
			);
			defaultConfigurationIsVisible = 0;
			defaultConfigurationName = Release;
		};
		ACC76CA0274C2425000EBAEA /* Build configuration list for PBXProject "Landmarks" */ = {
			isa = XCConfigurationList;
			buildConfigurations = (
				ACC76CB1274C2426000EBAEA /* Debug */,
				ACC76CB2274C2426000EBAEA /* Release */,
			);
			defaultConfigurationIsVisible = 0;
			defaultConfigurationName = Release;
		};
		ACC76CB3274C2426000EBAEA /* Build configuration list for PBXNativeTarget "Landmarks" */ = {
			isa = XCConfigurationList;
			buildConfigurations = (
				ACC76CB4274C2426000EBAEA /* Debug */,
				ACC76CB5274C2426000EBAEA /* Release */,
			);
			defaultConfigurationIsVisible = 0;
			defaultConfigurationName = Release;
		};
/* End XCConfigurationList section */
	};
	rootObject = ACC76C9D274C2425000EBAEA /* Project object */;
}
